<?xml version="1.0" encoding="utf-8"?>
<Project ToolsVersion="4.0" xmlns="http://schemas.microsoft.com/developer/msbuild/2003">
  <ItemGroup>
    <Filter Include="Source Files">
      <UniqueIdentifier>{4FC737F1-C7A5-4376-A066-2A32D752A2FF}</UniqueIdentifier>
      <Extensions>cpp;c;cc;cxx;def;odl;idl;hpj;bat;asm;asmx</Extensions>
    </Filter>
    <Filter Include="Header Files">
      <UniqueIdentifier>{93995380-89BD-4b04-88EB-625FBE52EBFB}</UniqueIdentifier>
      <Extensions>h;hh;hpp;hxx;hm;inl;inc;ipp;xsd</Extensions>
    </Filter>
    <Filter Include="Resource Files">
      <UniqueIdentifier>{67DA6AB6-F800-4c08-8B7A-83BB121AAD01}</UniqueIdentifier>
      <Extensions>rc;ico;cur;bmp;dlg;rc2;rct;bin;rgs;gif;jpg;jpeg;jpe;resx;tiff;tif;png;wav;mfcribbon-ms</Extensions>
    </Filter>
  </ItemGroup>
  <ItemGroup>
    <ClInclude Include="..\src\accumulate.h">
      <Filter>Header Files</Filter>
    </ClInclude>
    <ClInclude Include="..\src\ah.h">
      <Filter>Header Files</Filter>
    </ClInclude>
    <ClInclude Include="..\src\ah_bicubic_interpolator.h">
      <Filter>Header Files</Filter>
    </ClInclude>
    <ClInclude Include="..\src\ah_geometry.h">
      <Filter>Header Files</Filter>
    </ClInclude>
    <ClInclude Include="..\src\ah_integrator.h">
      <Filter>Header Files</Filter>
    </ClInclude>
    <ClInclude Include="..\src\ah_interpolator.h">
      <Filter>Header Files</Filter>
    </ClInclude>
    <ClInclude Include="..\src\ah_mask.h">
      <Filter>Header Files</Filter>
    </ClInclude>
    <ClInclude Include="..\src\ah_param.h">
      <Filter>Header Files</Filter>
    </ClInclude>
    <ClInclude Include="..\src\ah_sources.h">
      <Filter>Header Files</Filter>
    </ClInclude>
    <ClInclude Include="..\src\ah_tools.h">
      <Filter>Header Files</Filter>
    </ClInclude>
    <ClInclude Include="..\src\allocate_arrays.h">
      <Filter>Header Files</Filter>
    </ClInclude>
    <ClInclude Include="..\src\analysis_metric.h">
      <Filter>Header Files</Filter>
    </ClInclude>
    <ClInclude Include="..\src\array_init.h">
      <Filter>Header Files</Filter>
    </ClInclude>
    <ClInclude Include="..\src\arrays.h">
      <Filter>Header Files</Filter>
    </ClInclude>
    <ClInclude Include="..\src\auxiliary_geometry.h">
      <Filter>Header Files</Filter>
    </ClInclude>
    <ClInclude Include="..\src\boundary.h">
      <Filter>Header Files</Filter>
    </ClInclude>
    <ClInclude Include="..\src\constraints.h">
      <Filter>Header Files</Filter>
    </ClInclude>
    <ClInclude Include="..\src\derivatives.h">
      <Filter>Header Files</Filter>
    </ClInclude>
    <ClInclude Include="..\src\elliptic_tools.h">
      <Filter>Header Files</Filter>
    </ClInclude>
    <ClInclude Include="..\src\evolve.h">
      <Filter>Header Files</Filter>
    </ClInclude>
    <ClInclude Include="..\src\files.h">
      <Filter>Header Files</Filter>
    </ClInclude>
    <ClInclude Include="..\src\flat_laplacian.h">
      <Filter>Header Files</Filter>
    </ClInclude>
    <ClInclude Include="..\src\flat_laplacian_csr_gen.h">
      <Filter>Header Files</Filter>
    </ClInclude>
    <ClInclude Include="..\src\gauge.h">
      <Filter>Header Files</Filter>
    </ClInclude>
    <ClInclude Include="..\src\general_elliptic.h">
      <Filter>Header Files</Filter>
    </ClInclude>
    <ClInclude Include="..\src\general_elliptic_csr_gen.h">
      <Filter>Header Files</Filter>
    </ClInclude>
    <ClInclude Include="..\src\geometry_A2.h">
      <Filter>Header Files</Filter>
    </ClInclude>
    <ClInclude Include="..\src\geometry_ADelta.h">
      <Filter>Header Files</Filter>
    </ClInclude>
    <ClInclude Include="..\src\geometry_alpha_derivatives.h">
      <Filter>Header Files</Filter>
    </ClInclude>
    <ClInclude Include="..\src\geometry_alpha_second_covariant_derivative.h">
      <Filter>Header Files</Filter>
    </ClInclude>
    <ClInclude Include="..\src\geometry_D2alpha.h">
      <Filter>Header Files</Filter>
    </ClInclude>
    <ClInclude Include="..\src\geometry_detrace.h">
      <Filter>Header Files</Filter>
    </ClInclude>
    <ClInclude Include="..\src\geometry_divA.h">
      <Filter>Header Files</Filter>
    </ClInclude>
    <ClInclude Include="..\src\geometry_inverse_metric.h">
      <Filter>Header Files</Filter>
    </ClInclude>
    <ClInclude Include="..\src\geometry_ricci.h">
      <Filter>Header Files</Filter>
    </ClInclude>
    <ClInclude Include="..\src\geometry_upA.h">
      <Filter>Header Files</Filter>
    </ClInclude>
    <ClInclude Include="..\src\idata_brillwave.h">
      <Filter>Header Files</Filter>
    </ClInclude>
    <ClInclude Include="..\src\idata_schwarschild.h">
      <Filter>Header Files</Filter>
    </ClInclude>
    <ClInclude Include="..\src\idata_testbed.h">
      <Filter>Header Files</Filter>
    </ClInclude>
    <ClInclude Include="..\src\initial.h">
      <Filter>Header Files</Filter>
    </ClInclude>
    <ClInclude Include="..\src\low_rank.h">
      <Filter>Header Files</Filter>
    </ClInclude>
    <ClInclude Include="..\src\maximal_slicing_elliptic_coefficients.h">
      <Filter>Header Files</Filter>
    </ClInclude>
    <ClInclude Include="..\src\one_step.h">
      <Filter>Header Files</Filter>
    </ClInclude>
    <ClInclude Include="..\src\param.h">
      <Filter>Header Files</Filter>
    </ClInclude>
    <ClInclude Include="..\src\pardiso_die.h">
      <Filter>Header Files</Filter>
    </ClInclude>
    <ClInclude Include="..\src\pardiso_init.h">
      <Filter>Header Files</Filter>
    </ClInclude>
    <ClInclude Include="..\src\pardiso_param.h">
      <Filter>Header Files</Filter>
    </ClInclude>
    <ClInclude Include="..\src\pardiso_wrapper.h">
      <Filter>Header Files</Filter>
    </ClInclude>
    <ClInclude Include="..\src\parser.h">
      <Filter>Header Files</Filter>
    </ClInclude>
    <ClInclude Include="..\src\radbound.h">
      <Filter>Header Files</Filter>
    </ClInclude>
    <ClInclude Include="..\src\save_old.h">
      <Filter>Header Files</Filter>
    </ClInclude>
    <ClInclude Include="..\src\shift_derivadvect.h">
      <Filter>Header Files</Filter>
    </ClInclude>
    <ClInclude Include="..\src\shift_divergence.h">
      <Filter>Header Files</Filter>
    </ClInclude>
    <ClInclude Include="..\src\shift_geometry.h">
      <Filter>Header Files</Filter>
    </ClInclude>
    <ClInclude Include="..\src\shift_sources.h">
      <Filter>Header Files</Filter>
    </ClInclude>
    <ClInclude Include="..\src\sources_geometry.h">
      <Filter>Header Files</Filter>
    </ClInclude>
    <ClInclude Include="..\src\sources_lapse.h">
      <Filter>Header Files</Filter>
    </ClInclude>
    <ClInclude Include="..\src\symmetries.h">
      <Filter>Header Files</Filter>
    </ClInclude>
    <ClInclude Include="..\src\tools.h">
      <Filter>Header Files</Filter>
    </ClInclude>
    <ClInclude Include="..\src\update.h">
      <Filter>Header Files</Filter>
    </ClInclude>
    <ClInclude Include="..\src\write_files.h">
      <Filter>Header Files</Filter>
    </ClInclude>
    <ClInclude Include="..\src\write_flags.h">
      <Filter>Header Files</Filter>
    </ClInclude>
  </ItemGroup>
  <ItemGroup>
    <ClCompile Include="..\src\accumulate.cpp">
      <Filter>Source Files</Filter>
    </ClCompile>
    <ClCompile Include="..\src\ah.cpp">
      <Filter>Source Files</Filter>
    </ClCompile>
    <ClCompile Include="..\src\ah_bicubic_interpolator.cpp">
      <Filter>Source Files</Filter>
    </ClCompile>
    <ClCompile Include="..\src\ah_geometry.cpp">
      <Filter>Source Files</Filter>
    </ClCompile>
    <ClCompile Include="..\src\ah_integrator.cpp">
      <Filter>Source Files</Filter>
    </ClCompile>
    <ClCompile Include="..\src\ah_interpolator.cpp">
      <Filter>Source Files</Filter>
    </ClCompile>
    <ClCompile Include="..\src\ah_mask.cpp">
      <Filter>Source Files</Filter>
    </ClCompile>
    <ClCompile Include="..\src\ah_sources.cpp">
      <Filter>Source Files</Filter>
    </ClCompile>
    <ClCompile Include="..\src\ah_tools.cpp">
      <Filter>Source Files</Filter>
    </ClCompile>
    <ClCompile Include="..\src\allocate_arrays.cpp">
      <Filter>Source Files</Filter>
    </ClCompile>
    <ClCompile Include="..\src\array_init.cpp">
      <Filter>Source Files</Filter>
    </ClCompile>
    <ClCompile Include="..\src\auxiliary_geometry.cpp">
      <Filter>Source Files</Filter>
    </ClCompile>
    <ClCompile Include="..\src\boundary.cpp">
      <Filter>Source Files</Filter>
    </ClCompile>
    <ClCompile Include="..\src\constraints.cpp">
      <Filter>Source Files</Filter>
    </ClCompile>
    <ClCompile Include="..\src\derivatives.cpp">
      <Filter>Source Files</Filter>
    </ClCompile>
    <ClCompile Include="..\src\elliptic_tools.cpp">
      <Filter>Source Files</Filter>
    </ClCompile>
    <ClCompile Include="..\src\evolve.cpp">
      <Filter>Source Files</Filter>
    </ClCompile>
    <ClCompile Include="..\src\flat_laplacian.cpp">
      <Filter>Source Files</Filter>
    </ClCompile>
    <ClCompile Include="..\src\flat_laplacian_csr_gen.cpp">
      <Filter>Source Files</Filter>
    </ClCompile>
    <ClCompile Include="..\src\gauge.cpp">
      <Filter>Source Files</Filter>
    </ClCompile>
    <ClCompile Include="..\src\general_elliptic.cpp">
      <Filter>Source Files</Filter>
    </ClCompile>
    <ClCompile Include="..\src\general_elliptic_csr_gen.cpp">
      <Filter>Source Files</Filter>
    </ClCompile>
    <ClCompile Include="..\src\geometry_A2.cpp">
      <Filter>Source Files</Filter>
    </ClCompile>
    <ClCompile Include="..\src\geometry_ADelta.cpp">
      <Filter>Source Files</Filter>
    </ClCompile>
    <ClCompile Include="..\src\geometry_alpha_derivatives.cpp">
      <Filter>Source Files</Filter>
    </ClCompile>
    <ClCompile Include="..\src\geometry_alpha_second_derivative.cpp">
      <Filter>Source Files</Filter>
    </ClCompile>
    <ClCompile Include="..\src\geometry_D2alpha.cpp">
      <Filter>Source Files</Filter>
    </ClCompile>
    <ClCompile Include="..\src\geometry_detrace.cpp">
      <Filter>Source Files</Filter>
    </ClCompile>
    <ClCompile Include="..\src\geometry_divA.cpp">
      <Filter>Source Files</Filter>
    </ClCompile>
    <ClCompile Include="..\src\geometry_inverse_metric.cpp">
      <Filter>Source Files</Filter>
    </ClCompile>
    <ClCompile Include="..\src\geometry_ricci.cpp">
      <Filter>Source Files</Filter>
    </ClCompile>
    <ClCompile Include="..\src\geometry_upA.cpp">
      <Filter>Source Files</Filter>
    </ClCompile>
    <ClCompile Include="..\src\idata_brillwave.cpp">
      <Filter>Source Files</Filter>
    </ClCompile>
    <ClCompile Include="..\src\idata_schwarschild.cpp">
      <Filter>Source Files</Filter>
    </ClCompile>
    <ClCompile Include="..\src\idata_testbed.cpp">
      <Filter>Source Files</Filter>
    </ClCompile>
    <ClCompile Include="..\src\initial.cpp">
      <Filter>Source Files</Filter>
    </ClCompile>
    <ClCompile Include="..\src\low_rank.cpp">
      <Filter>Source Files</Filter>
    </ClCompile>
    <ClCompile Include="..\src\main.cpp">
      <Filter>Source Files</Filter>
    </ClCompile>
    <ClCompile Include="..\src\maximal_slicing_elliptic_coefficients.cpp">
      <Filter>Source Files</Filter>
    </ClCompile>
    <ClCompile Include="..\src\metric_analysis.cpp">
      <Filter>Source Files</Filter>
    </ClCompile>
    <ClCompile Include="..\src\one_step.cpp">
      <Filter>Source Files</Filter>
    </ClCompile>
    <ClCompile Include="..\src\pardiso_die.cpp">
      <Filter>Source Files</Filter>
    </ClCompile>
    <ClCompile Include="..\src\pardiso_init.cpp">
      <Filter>Source Files</Filter>
    </ClCompile>
    <ClCompile Include="..\src\pardiso_wrapper.cpp">
      <Filter>Source Files</Filter>
    </ClCompile>
    <ClCompile Include="..\src\parser.cpp">
      <Filter>Source Files</Filter>
    </ClCompile>
    <ClCompile Include="..\src\radbound.cpp">
      <Filter>Source Files</Filter>
    </ClCompile>
    <ClCompile Include="..\src\save_old.cpp">
      <Filter>Source Files</Filter>
    </ClCompile>
    <ClCompile Include="..\src\shift_derivadvect.cpp">
      <Filter>Source Files</Filter>
    </ClCompile>
    <ClCompile Include="..\src\shift_divergence.cpp">
      <Filter>Source Files</Filter>
    </ClCompile>
    <ClCompile Include="..\src\shift_geometry.cpp">
      <Filter>Source Files</Filter>
    </ClCompile>
    <ClCompile Include="..\src\shift_sources.cpp">
      <Filter>Source Files</Filter>
    </ClCompile>
    <ClCompile Include="..\src\sources_geometry.cpp">
      <Filter>Source Files</Filter>
    </ClCompile>
    <ClCompile Include="..\src\sources_lapse.cpp">
      <Filter>Source Files</Filter>
    </ClCompile>
    <ClCompile Include="..\src\symmetries.cpp">
      <Filter>Source Files</Filter>
    </ClCompile>
    <ClCompile Include="..\src\tools.cpp">
      <Filter>Source Files</Filter>
    </ClCompile>
    <ClCompile Include="..\src\update.cpp">
      <Filter>Source Files</Filter>
    </ClCompile>
    <ClCompile Include="..\src\write_files.cpp">
      <Filter>Source Files</Filter>
    </ClCompile>
  </ItemGroup>
</Project>